
Microsoft Visual Studio Solution File, Format Version 12.00
# Visual Studio Version 17
VisualStudioVersion = 17.1.32104.313
MinimumVisualStudioVersion = 10.0.40219.1
Project("{2150E333-8FDC-42A3-9474-1A3956D46DE8}") = "Libraries", "Libraries", "{808AB523-2A80-4630-A13C-A54CBDF95D51}"
	ProjectSection(SolutionItems) = preProject
		.editorconfig = .editorconfig
	EndProjectSection
EndProject
Project("{2150E333-8FDC-42A3-9474-1A3956D46DE8}") = "Programs", "Programs", "{F83FE87C-7F48-4300-88A6-8D21DF517810}"
EndProject
Project("{2150E333-8FDC-42A3-9474-1A3956D46DE8}") = "Tests", "Tests", "{78BFCCE6-51F9-49B2-B94A-00698882EE67}"
EndProject
Project("{2150E333-8FDC-42A3-9474-1A3956D46DE8}") = "Solution Items", "Solution Items", "{9A01C966-5002-4DAE-AEF6-DE08A760DCF9}"
	ProjectSection(SolutionItems) = preProject
		.editorconfig = .editorconfig
	EndProjectSection
EndProject
Project("{9A19103F-16F7-4668-BE54-9A1E7A4F7556}") = "AmpScm.Buckets", "src\AmpScm.Buckets\AmpScm.Buckets.csproj", "{7B4C2CA5-108E-42B3-9649-84E6EA2A5530}"
EndProject
Project("{9A19103F-16F7-4668-BE54-9A1E7A4F7556}") = "AmpScm.Git.Repository", "src\AmpScm.Git.Repository\AmpScm.Git.Repository.csproj", "{B4930333-636C-4015-B79F-F00AAC189B60}"
EndProject
Project("{9A19103F-16F7-4668-BE54-9A1E7A4F7556}") = "AmpScm.Git.Client", "src\AmpScm.Git.Client\AmpScm.Git.Client.csproj", "{EDA1F64C-24C4-4841-8487-9FBDF530AB08}"
EndProject
Project("{9A19103F-16F7-4668-BE54-9A1E7A4F7556}") = "AmpScm.Linq.AsyncQueryable", "src\AmpScm.Linq.AsyncQueryable\AmpScm.Linq.AsyncQueryable.csproj", "{44BE25DB-25D5-45EF-97AB-84911CBA8C96}"
EndProject
Project("{9A19103F-16F7-4668-BE54-9A1E7A4F7556}") = "AmpScm.Tests", "src\AmpScm.Tests\AmpScm.Tests.csproj", "{227D4B78-9017-41B4-86BC-F2C03FA9004F}"
EndProject
Project("{9A19103F-16F7-4668-BE54-9A1E7A4F7556}") = "AmpScm.Buckets.Git", "src\AmpScm.Buckets.Git\AmpScm.Buckets.Git.csproj", "{6A041336-A514-451B-8919-4CC02CF65A8C}"
EndProject
Project("{FAE04EC0-301F-11D3-BF4B-00C04F79EFBC}") = "AmpScm.AsyncIO", "src\AmpScm.AsyncIO\AmpScm.AsyncIO.csproj", "{D8703BAC-2425-4845-B5DB-D756DE3C6A7E}"
EndProject
Global
	GlobalSection(SolutionConfigurationPlatforms) = preSolution
		Debug|Any CPU = Debug|Any CPU
		Release|Any CPU = Release|Any CPU
	EndGlobalSection
	GlobalSection(ProjectConfigurationPlatforms) = postSolution
		{7B4C2CA5-108E-42B3-9649-84E6EA2A5530}.Debug|Any CPU.ActiveCfg = Debug|Any CPU
		{7B4C2CA5-108E-42B3-9649-84E6EA2A5530}.Debug|Any CPU.Build.0 = Debug|Any CPU
		{7B4C2CA5-108E-42B3-9649-84E6EA2A5530}.Release|Any CPU.ActiveCfg = Release|Any CPU
		{7B4C2CA5-108E-42B3-9649-84E6EA2A5530}.Release|Any CPU.Build.0 = Release|Any CPU
		{B4930333-636C-4015-B79F-F00AAC189B60}.Debug|Any CPU.ActiveCfg = Debug|Any CPU
		{B4930333-636C-4015-B79F-F00AAC189B60}.Debug|Any CPU.Build.0 = Debug|Any CPU
		{B4930333-636C-4015-B79F-F00AAC189B60}.Release|Any CPU.ActiveCfg = Release|Any CPU
		{B4930333-636C-4015-B79F-F00AAC189B60}.Release|Any CPU.Build.0 = Release|Any CPU
		{EDA1F64C-24C4-4841-8487-9FBDF530AB08}.Debug|Any CPU.ActiveCfg = Debug|Any CPU
		{EDA1F64C-24C4-4841-8487-9FBDF530AB08}.Debug|Any CPU.Build.0 = Debug|Any CPU
		{EDA1F64C-24C4-4841-8487-9FBDF530AB08}.Release|Any CPU.ActiveCfg = Release|Any CPU
		{EDA1F64C-24C4-4841-8487-9FBDF530AB08}.Release|Any CPU.Build.0 = Release|Any CPU
		{44BE25DB-25D5-45EF-97AB-84911CBA8C96}.Debug|Any CPU.ActiveCfg = Debug|Any CPU
		{44BE25DB-25D5-45EF-97AB-84911CBA8C96}.Debug|Any CPU.Build.0 = Debug|Any CPU
		{44BE25DB-25D5-45EF-97AB-84911CBA8C96}.Release|Any CPU.ActiveCfg = Release|Any CPU
		{44BE25DB-25D5-45EF-97AB-84911CBA8C96}.Release|Any CPU.Build.0 = Release|Any CPU
		{227D4B78-9017-41B4-86BC-F2C03FA9004F}.Debug|Any CPU.ActiveCfg = Debug|Any CPU
		{227D4B78-9017-41B4-86BC-F2C03FA9004F}.Debug|Any CPU.Build.0 = Debug|Any CPU
		{227D4B78-9017-41B4-86BC-F2C03FA9004F}.Release|Any CPU.ActiveCfg = Release|Any CPU
		{227D4B78-9017-41B4-86BC-F2C03FA9004F}.Release|Any CPU.Build.0 = Release|Any CPU
		{6A041336-A514-451B-8919-4CC02CF65A8C}.Debug|Any CPU.ActiveCfg = Debug|Any CPU
		{6A041336-A514-451B-8919-4CC02CF65A8C}.Debug|Any CPU.Build.0 = Debug|Any CPU
		{6A041336-A514-451B-8919-4CC02CF65A8C}.Release|Any CPU.ActiveCfg = Release|Any CPU
		{6A041336-A514-451B-8919-4CC02CF65A8C}.Release|Any CPU.Build.0 = Release|Any CPU
		{D8703BAC-2425-4845-B5DB-D756DE3C6A7E}.Debug|Any CPU.ActiveCfg = Debug|Any CPU
		{D8703BAC-2425-4845-B5DB-D756DE3C6A7E}.Debug|Any CPU.Build.0 = Debug|Any CPU
		{D8703BAC-2425-4845-B5DB-D756DE3C6A7E}.Release|Any CPU.ActiveCfg = Release|Any CPU
		{D8703BAC-2425-4845-B5DB-D756DE3C6A7E}.Release|Any CPU.Build.0 = Release|Any CPU
	EndGlobalSection
	GlobalSection(SolutionProperties) = preSolution
		HideSolutionNode = FALSE
	EndGlobalSection
	GlobalSection(NestedProjects) = preSolution
		{7B4C2CA5-108E-42B3-9649-84E6EA2A5530} = {808AB523-2A80-4630-A13C-A54CBDF95D51}
		{B4930333-636C-4015-B79F-F00AAC189B60} = {808AB523-2A80-4630-A13C-A54CBDF95D51}
		{EDA1F64C-24C4-4841-8487-9FBDF530AB08} = {808AB523-2A80-4630-A13C-A54CBDF95D51}
		{44BE25DB-25D5-45EF-97AB-84911CBA8C96} = {808AB523-2A80-4630-A13C-A54CBDF95D51}
		{227D4B78-9017-41B4-86BC-F2C03FA9004F} = {78BFCCE6-51F9-49B2-B94A-00698882EE67}
		{6A041336-A514-451B-8919-4CC02CF65A8C} = {808AB523-2A80-4630-A13C-A54CBDF95D51}
		{D8703BAC-2425-4845-B5DB-D756DE3C6A7E} = {808AB523-2A80-4630-A13C-A54CBDF95D51}
	EndGlobalSection
	GlobalSection(ExtensibilityGlobals) = postSolution
		SolutionGuid = {87E00793-7FC0-4CBC-BCA7-7F684F515F8F}
	EndGlobalSection
EndGlobal
